// !$*UTF8*$!
{
	archiveVersion = 1;
	classes = {
	};
	objectVersion = 46;
	objects = {

/* Begin PBXBuildFile section */
		670989AE1C1339D800BE6E34 /* AppDelegate.swift in Sources */ = {isa = PBXBuildFile; fileRef = 670989AD1C1339D800BE6E34 /* AppDelegate.swift */; };
		670989B31C1339D800BE6E34 /* Main.storyboard in Resources */ = {isa = PBXBuildFile; fileRef = 670989B11C1339D800BE6E34 /* Main.storyboard */; };
		670989B51C1339D800BE6E34 /* Assets.xcassets in Resources */ = {isa = PBXBuildFile; fileRef = 670989B41C1339D800BE6E34 /* Assets.xcassets */; };
		670989B81C1339D800BE6E34 /* LaunchScreen.storyboard in Resources */ = {isa = PBXBuildFile; fileRef = 670989B61C1339D800BE6E34 /* LaunchScreen.storyboard */; };
		670989C31C1339D800BE6E34 /* HopefullyLastOneTests.swift in Sources */ = {isa = PBXBuildFile; fileRef = 670989C21C1339D800BE6E34 /* HopefullyLastOneTests.swift */; };
		670989CE1C1339D800BE6E34 /* HopefullyLastOneUITests.swift in Sources */ = {isa = PBXBuildFile; fileRef = 670989CD1C1339D800BE6E34 /* HopefullyLastOneUITests.swift */; };
		F445EA771C1900620065AE8D /* PerfecT Data.xcdatamodeld in Sources */ = {isa = PBXBuildFile; fileRef = F445EA751C1900620065AE8D /* PerfecT Data.xcdatamodeld */; };
		F445EA7F1C1902580065AE8D /* Video.swift in Sources */ = {isa = PBXBuildFile; fileRef = F445EA791C1902580065AE8D /* Video.swift */; };
		F445EA801C1902580065AE8D /* Exercise+CoreDataProperties.swift in Sources */ = {isa = PBXBuildFile; fileRef = F445EA7A1C1902580065AE8D /* Exercise+CoreDataProperties.swift */; };
		F445EA811C1902580065AE8D /* Exercise.swift in Sources */ = {isa = PBXBuildFile; fileRef = F445EA7B1C1902580065AE8D /* Exercise.swift */; };
		F445EA821C1902580065AE8D /* Injury+CoreDataProperties.swift in Sources */ = {isa = PBXBuildFile; fileRef = F445EA7C1C1902580065AE8D /* Injury+CoreDataProperties.swift */; };
		F445EA831C1902580065AE8D /* Injury.swift in Sources */ = {isa = PBXBuildFile; fileRef = F445EA7D1C1902580065AE8D /* Injury.swift */; };
		F445EA851C1902CC0065AE8D /* CoreDataStack.swift in Sources */ = {isa = PBXBuildFile; fileRef = F445EA841C1902CC0065AE8D /* CoreDataStack.swift */; };
		F445EA871C1903650065AE8D /* MyInjuryTableViewController.swift in Sources */ = {isa = PBXBuildFile; fileRef = F445EA861C1903650065AE8D /* MyInjuryTableViewController.swift */; };
		F445EA891C1917FA0065AE8D /* ExerciseCell.swift in Sources */ = {isa = PBXBuildFile; fileRef = F445EA881C1917FA0065AE8D /* ExerciseCell.swift */; };
		F445EA8B1C1918100065AE8D /* InjuryCell.swift in Sources */ = {isa = PBXBuildFile; fileRef = F445EA8A1C1918100065AE8D /* InjuryCell.swift */; };
		F445EA8D1C19187E0065AE8D /* ShowInjuryVC.swift in Sources */ = {isa = PBXBuildFile; fileRef = F445EA8C1C19187E0065AE8D /* ShowInjuryVC.swift */; };
		F445EA8F1C19189D0065AE8D /* AddEditInjuryVC.swift in Sources */ = {isa = PBXBuildFile; fileRef = F445EA8E1C19189D0065AE8D /* AddEditInjuryVC.swift */; };
		F445EA911C1918B30065AE8D /* AddEditExerciseVC.swift in Sources */ = {isa = PBXBuildFile; fileRef = F445EA901C1918B30065AE8D /* AddEditExerciseVC.swift */; };
		F445EA931C1918E60065AE8D /* ShowExerciseVC.swift in Sources */ = {isa = PBXBuildFile; fileRef = F445EA921C1918E60065AE8D /* ShowExerciseVC.swift */; };
		F445EA951C192E0A0065AE8D /* ExerciseListTVC.swift in Sources */ = {isa = PBXBuildFile; fileRef = F445EA941C192E0A0065AE8D /* ExerciseListTVC.swift */; };
		F48877211C1FB29300156D20 /* Video+CoreDataProperties.swift in Sources */ = {isa = PBXBuildFile; fileRef = F48877201C1FB29300156D20 /* Video+CoreDataProperties.swift */; };
		F48877231C1FE46C00156D20 /* PageItemController.swift in Sources */ = {isa = PBXBuildFile; fileRef = F48877221C1FE46C00156D20 /* PageItemController.swift */; };
		F48877251C1FE48A00156D20 /* PageViewVC.swift in Sources */ = {isa = PBXBuildFile; fileRef = F48877241C1FE48A00156D20 /* PageViewVC.swift */; };
/* End PBXBuildFile section */

/* Begin PBXContainerItemProxy section */
		670989BF1C1339D800BE6E34 /* PBXContainerItemProxy */ = {
			isa = PBXContainerItemProxy;
			containerPortal = 670989A21C1339D700BE6E34 /* Project object */;
			proxyType = 1;
			remoteGlobalIDString = 670989A91C1339D700BE6E34;
			remoteInfo = HopefullyLastOne;
		};
		670989CA1C1339D800BE6E34 /* PBXContainerItemProxy */ = {
			isa = PBXContainerItemProxy;
			containerPortal = 670989A21C1339D700BE6E34 /* Project object */;
			proxyType = 1;
			remoteGlobalIDString = 670989A91C1339D700BE6E34;
			remoteInfo = HopefullyLastOne;
		};
/* End PBXContainerItemProxy section */

/* Begin PBXFileReference section */
		670989AA1C1339D800BE6E34 /* HopefullyLastOne.app */ = {isa = PBXFileReference; explicitFileType = wrapper.application; includeInIndex = 0; path = HopefullyLastOne.app; sourceTree = BUILT_PRODUCTS_DIR; };
		670989AD1C1339D800BE6E34 /* AppDelegate.swift */ = {isa = PBXFileReference; lastKnownFileType = sourcecode.swift; path = AppDelegate.swift; sourceTree = "<group>"; };
		670989B21C1339D800BE6E34 /* Base */ = {isa = PBXFileReference; lastKnownFileType = file.storyboard; name = Base; path = Base.lproj/Main.storyboard; sourceTree = "<group>"; };
		670989B41C1339D800BE6E34 /* Assets.xcassets */ = {isa = PBXFileReference; lastKnownFileType = folder.assetcatalog; path = Assets.xcassets; sourceTree = "<group>"; };
		670989B71C1339D800BE6E34 /* Base */ = {isa = PBXFileReference; lastKnownFileType = file.storyboard; name = Base; path = Base.lproj/LaunchScreen.storyboard; sourceTree = "<group>"; };
		670989B91C1339D800BE6E34 /* Info.plist */ = {isa = PBXFileReference; lastKnownFileType = text.plist.xml; path = Info.plist; sourceTree = "<group>"; };
		670989BE1C1339D800BE6E34 /* HopefullyLastOneTests.xctest */ = {isa = PBXFileReference; explicitFileType = wrapper.cfbundle; includeInIndex = 0; path = HopefullyLastOneTests.xctest; sourceTree = BUILT_PRODUCTS_DIR; };
		670989C21C1339D800BE6E34 /* HopefullyLastOneTests.swift */ = {isa = PBXFileReference; lastKnownFileType = sourcecode.swift; path = HopefullyLastOneTests.swift; sourceTree = "<group>"; };
		670989C41C1339D800BE6E34 /* Info.plist */ = {isa = PBXFileReference; lastKnownFileType = text.plist.xml; path = Info.plist; sourceTree = "<group>"; };
		670989C91C1339D800BE6E34 /* HopefullyLastOneUITests.xctest */ = {isa = PBXFileReference; explicitFileType = wrapper.cfbundle; includeInIndex = 0; path = HopefullyLastOneUITests.xctest; sourceTree = BUILT_PRODUCTS_DIR; };
		670989CD1C1339D800BE6E34 /* HopefullyLastOneUITests.swift */ = {isa = PBXFileReference; lastKnownFileType = sourcecode.swift; path = HopefullyLastOneUITests.swift; sourceTree = "<group>"; };
		670989CF1C1339D800BE6E34 /* Info.plist */ = {isa = PBXFileReference; lastKnownFileType = text.plist.xml; path = Info.plist; sourceTree = "<group>"; };
		F445EA761C1900620065AE8D /* PerfecT Data.xcdatamodel */ = {isa = PBXFileReference; lastKnownFileType = wrapper.xcdatamodel; path = "PerfecT Data.xcdatamodel"; sourceTree = "<group>"; };
		F445EA791C1902580065AE8D /* Video.swift */ = {isa = PBXFileReference; fileEncoding = 4; lastKnownFileType = sourcecode.swift; name = Video.swift; path = ../Video.swift; sourceTree = "<group>"; };
		F445EA7A1C1902580065AE8D /* Exercise+CoreDataProperties.swift */ = {isa = PBXFileReference; fileEncoding = 4; lastKnownFileType = sourcecode.swift; name = "Exercise+CoreDataProperties.swift"; path = "../Exercise+CoreDataProperties.swift"; sourceTree = "<group>"; };
		F445EA7B1C1902580065AE8D /* Exercise.swift */ = {isa = PBXFileReference; fileEncoding = 4; lastKnownFileType = sourcecode.swift; name = Exercise.swift; path = ../Exercise.swift; sourceTree = "<group>"; };
		F445EA7C1C1902580065AE8D /* Injury+CoreDataProperties.swift */ = {isa = PBXFileReference; fileEncoding = 4; lastKnownFileType = sourcecode.swift; name = "Injury+CoreDataProperties.swift"; path = "../Injury+CoreDataProperties.swift"; sourceTree = "<group>"; };
		F445EA7D1C1902580065AE8D /* Injury.swift */ = {isa = PBXFileReference; fileEncoding = 4; lastKnownFileType = sourcecode.swift; name = Injury.swift; path = ../Injury.swift; sourceTree = "<group>"; };
		F445EA841C1902CC0065AE8D /* CoreDataStack.swift */ = {isa = PBXFileReference; fileEncoding = 4; lastKnownFileType = sourcecode.swift; path = CoreDataStack.swift; sourceTree = "<group>"; };
		F445EA861C1903650065AE8D /* MyInjuryTableViewController.swift */ = {isa = PBXFileReference; fileEncoding = 4; lastKnownFileType = sourcecode.swift; path = MyInjuryTableViewController.swift; sourceTree = "<group>"; };
		F445EA881C1917FA0065AE8D /* ExerciseCell.swift */ = {isa = PBXFileReference; fileEncoding = 4; lastKnownFileType = sourcecode.swift; path = ExerciseCell.swift; sourceTree = "<group>"; };
		F445EA8A1C1918100065AE8D /* InjuryCell.swift */ = {isa = PBXFileReference; fileEncoding = 4; lastKnownFileType = sourcecode.swift; path = InjuryCell.swift; sourceTree = "<group>"; };
		F445EA8C1C19187E0065AE8D /* ShowInjuryVC.swift */ = {isa = PBXFileReference; fileEncoding = 4; lastKnownFileType = sourcecode.swift; path = ShowInjuryVC.swift; sourceTree = "<group>"; };
		F445EA8E1C19189D0065AE8D /* AddEditInjuryVC.swift */ = {isa = PBXFileReference; fileEncoding = 4; lastKnownFileType = sourcecode.swift; path = AddEditInjuryVC.swift; sourceTree = "<group>"; };
		F445EA901C1918B30065AE8D /* AddEditExerciseVC.swift */ = {isa = PBXFileReference; fileEncoding = 4; lastKnownFileType = sourcecode.swift; path = AddEditExerciseVC.swift; sourceTree = "<group>"; };
		F445EA921C1918E60065AE8D /* ShowExerciseVC.swift */ = {isa = PBXFileReference; fileEncoding = 4; lastKnownFileType = sourcecode.swift; path = ShowExerciseVC.swift; sourceTree = "<group>"; };
		F445EA941C192E0A0065AE8D /* ExerciseListTVC.swift */ = {isa = PBXFileReference; fileEncoding = 4; lastKnownFileType = sourcecode.swift; path = ExerciseListTVC.swift; sourceTree = "<group>"; };
		F48877201C1FB29300156D20 /* Video+CoreDataProperties.swift */ = {isa = PBXFileReference; fileEncoding = 4; lastKnownFileType = sourcecode.swift; name = "Video+CoreDataProperties.swift"; path = "../Video+CoreDataProperties.swift"; sourceTree = "<group>"; };
		F48877221C1FE46C00156D20 /* PageItemController.swift */ = {isa = PBXFileReference; fileEncoding = 4; lastKnownFileType = sourcecode.swift; path = PageItemController.swift; sourceTree = "<group>"; };
		F48877241C1FE48A00156D20 /* PageViewVC.swift */ = {isa = PBXFileReference; fileEncoding = 4; lastKnownFileType = sourcecode.swift; path = PageViewVC.swift; sourceTree = "<group>"; };
/* End PBXFileReference section */

/* Begin PBXFrameworksBuildPhase section */
		670989A71C1339D700BE6E34 /* Frameworks */ = {
			isa = PBXFrameworksBuildPhase;
			buildActionMask = 2147483647;
			files = (
			);
			runOnlyForDeploymentPostprocessing = 0;
		};
		670989BB1C1339D800BE6E34 /* Frameworks */ = {
			isa = PBXFrameworksBuildPhase;
			buildActionMask = 2147483647;
			files = (
			);
			runOnlyForDeploymentPostprocessing = 0;
		};
		670989C61C1339D800BE6E34 /* Frameworks */ = {
			isa = PBXFrameworksBuildPhase;
			buildActionMask = 2147483647;
			files = (
			);
			runOnlyForDeploymentPostprocessing = 0;
		};
/* End PBXFrameworksBuildPhase section */

/* Begin PBXGroup section */
		670989A11C1339D700BE6E34 = {
			isa = PBXGroup;
			children = (
				670989AC1C1339D800BE6E34 /* HopefullyLastOne */,
				670989C11C1339D800BE6E34 /* HopefullyLastOneTests */,
				670989CC1C1339D800BE6E34 /* HopefullyLastOneUITests */,
				670989AB1C1339D800BE6E34 /* Products */,
			);
			sourceTree = "<group>";
		};
		670989AB1C1339D800BE6E34 /* Products */ = {
			isa = PBXGroup;
			children = (
				670989AA1C1339D800BE6E34 /* HopefullyLastOne.app */,
				670989BE1C1339D800BE6E34 /* HopefullyLastOneTests.xctest */,
				670989C91C1339D800BE6E34 /* HopefullyLastOneUITests.xctest */,
			);
			name = Products;
			sourceTree = "<group>";
		};
		670989AC1C1339D800BE6E34 /* HopefullyLastOne */ = {
			isa = PBXGroup;
			children = (
				F445EA741C18FFC00065AE8D /* Core Data Files */,
				670989AD1C1339D800BE6E34 /* AppDelegate.swift */,
				F445EA8A1C1918100065AE8D /* InjuryCell.swift */,
				F445EA881C1917FA0065AE8D /* ExerciseCell.swift */,
				670989B11C1339D800BE6E34 /* Main.storyboard */,
				670989B41C1339D800BE6E34 /* Assets.xcassets */,
				670989B61C1339D800BE6E34 /* LaunchScreen.storyboard */,
				670989B91C1339D800BE6E34 /* Info.plist */,
				F445EA861C1903650065AE8D /* MyInjuryTableViewController.swift */,
				F445EA8C1C19187E0065AE8D /* ShowInjuryVC.swift */,
				F445EA8E1C19189D0065AE8D /* AddEditInjuryVC.swift */,
				F445EA901C1918B30065AE8D /* AddEditExerciseVC.swift */,
				F445EA921C1918E60065AE8D /* ShowExerciseVC.swift */,
				F445EA941C192E0A0065AE8D /* ExerciseListTVC.swift */,
				F48877221C1FE46C00156D20 /* PageItemController.swift */,
				F48877241C1FE48A00156D20 /* PageViewVC.swift */,
			);
			path = HopefullyLastOne;
			sourceTree = "<group>";
		};
		670989C11C1339D800BE6E34 /* HopefullyLastOneTests */ = {
			isa = PBXGroup;
			children = (
				670989C21C1339D800BE6E34 /* HopefullyLastOneTests.swift */,
				670989C41C1339D800BE6E34 /* Info.plist */,
			);
			path = HopefullyLastOneTests;
			sourceTree = "<group>";
		};
		670989CC1C1339D800BE6E34 /* HopefullyLastOneUITests */ = {
			isa = PBXGroup;
			children = (
				670989CD1C1339D800BE6E34 /* HopefullyLastOneUITests.swift */,
				670989CF1C1339D800BE6E34 /* Info.plist */,
			);
			path = HopefullyLastOneUITests;
			sourceTree = "<group>";
		};
		F445EA741C18FFC00065AE8D /* Core Data Files */ = {
			isa = PBXGroup;
			children = (
				F48877201C1FB29300156D20 /* Video+CoreDataProperties.swift */,
				F445EA791C1902580065AE8D /* Video.swift */,
				F445EA7A1C1902580065AE8D /* Exercise+CoreDataProperties.swift */,
				F445EA7B1C1902580065AE8D /* Exercise.swift */,
				F445EA7C1C1902580065AE8D /* Injury+CoreDataProperties.swift */,
				F445EA7D1C1902580065AE8D /* Injury.swift */,
				F445EA841C1902CC0065AE8D /* CoreDataStack.swift */,
				F445EA751C1900620065AE8D /* PerfecT Data.xcdatamodeld */,
			);
			name = "Core Data Files";
			sourceTree = "<group>";
		};
/* End PBXGroup section */

/* Begin PBXNativeTarget section */
		670989A91C1339D700BE6E34 /* HopefullyLastOne */ = {
			isa = PBXNativeTarget;
			buildConfigurationList = 670989D21C1339D800BE6E34 /* Build configuration list for PBXNativeTarget "HopefullyLastOne" */;
			buildPhases = (
				670989A61C1339D700BE6E34 /* Sources */,
				670989A71C1339D700BE6E34 /* Frameworks */,
				670989A81C1339D700BE6E34 /* Resources */,
			);
			buildRules = (
			);
			dependencies = (
			);
			name = HopefullyLastOne;
			productName = HopefullyLastOne;
			productReference = 670989AA1C1339D800BE6E34 /* HopefullyLastOne.app */;
			productType = "com.apple.product-type.application";
		};
		670989BD1C1339D800BE6E34 /* HopefullyLastOneTests */ = {
			isa = PBXNativeTarget;
			buildConfigurationList = 670989D51C1339D800BE6E34 /* Build configuration list for PBXNativeTarget "HopefullyLastOneTests" */;
			buildPhases = (
				670989BA1C1339D800BE6E34 /* Sources */,
				670989BB1C1339D800BE6E34 /* Frameworks */,
				670989BC1C1339D800BE6E34 /* Resources */,
			);
			buildRules = (
			);
			dependencies = (
				670989C01C1339D800BE6E34 /* PBXTargetDependency */,
			);
			name = HopefullyLastOneTests;
			productName = HopefullyLastOneTests;
			productReference = 670989BE1C1339D800BE6E34 /* HopefullyLastOneTests.xctest */;
			productType = "com.apple.product-type.bundle.unit-test";
		};
		670989C81C1339D800BE6E34 /* HopefullyLastOneUITests */ = {
			isa = PBXNativeTarget;
			buildConfigurationList = 670989D81C1339D800BE6E34 /* Build configuration list for PBXNativeTarget "HopefullyLastOneUITests" */;
			buildPhases = (
				670989C51C1339D800BE6E34 /* Sources */,
				670989C61C1339D800BE6E34 /* Frameworks */,
				670989C71C1339D800BE6E34 /* Resources */,
			);
			buildRules = (
			);
			dependencies = (
				670989CB1C1339D800BE6E34 /* PBXTargetDependency */,
			);
			name = HopefullyLastOneUITests;
			productName = HopefullyLastOneUITests;
			productReference = 670989C91C1339D800BE6E34 /* HopefullyLastOneUITests.xctest */;
			productType = "com.apple.product-type.bundle.ui-testing";
		};
/* End PBXNativeTarget section */

/* Begin PBXProject section */
		670989A21C1339D700BE6E34 /* Project object */ = {
			isa = PBXProject;
			attributes = {
				LastUpgradeCheck = 0700;
				ORGANIZATIONNAME = "James Tapia";
				TargetAttributes = {
					670989A91C1339D700BE6E34 = {
						CreatedOnToolsVersion = 7.0.1;
						DevelopmentTeam = 593LHACC26;
					};
					670989BD1C1339D800BE6E34 = {
						CreatedOnToolsVersion = 7.0.1;
						TestTargetID = 670989A91C1339D700BE6E34;
					};
					670989C81C1339D800BE6E34 = {
						CreatedOnToolsVersion = 7.0.1;
						TestTargetID = 670989A91C1339D700BE6E34;
					};
				};
			};
			buildConfigurationList = 670989A51C1339D700BE6E34 /* Build configuration list for PBXProject "HopefullyLastOne" */;
			compatibilityVersion = "Xcode 3.2";
			developmentRegion = English;
			hasScannedForEncodings = 0;
			knownRegions = (
				en,
				Base,
			);
			mainGroup = 670989A11C1339D700BE6E34;
			productRefGroup = 670989AB1C1339D800BE6E34 /* Products */;
			projectDirPath = "";
			projectRoot = "";
			targets = (
				670989A91C1339D700BE6E34 /* HopefullyLastOne */,
				670989BD1C1339D800BE6E34 /* HopefullyLastOneTests */,
				670989C81C1339D800BE6E34 /* HopefullyLastOneUITests */,
			);
		};
/* End PBXProject section */

/* Begin PBXResourcesBuildPhase section */
		670989A81C1339D700BE6E34 /* Resources */ = {
			isa = PBXResourcesBuildPhase;
			buildActionMask = 2147483647;
			files = (
				670989B81C1339D800BE6E34 /* LaunchScreen.storyboard in Resources */,
				670989B51C1339D800BE6E34 /* Assets.xcassets in Resources */,
				670989B31C1339D800BE6E34 /* Main.storyboard in Resources */,
			);
			runOnlyForDeploymentPostprocessing = 0;
		};
		670989BC1C1339D800BE6E34 /* Resources */ = {
			isa = PBXResourcesBuildPhase;
			buildActionMask = 2147483647;
			files = (
			);
			runOnlyForDeploymentPostprocessing = 0;
		};
		670989C71C1339D800BE6E34 /* Resources */ = {
			isa = PBXResourcesBuildPhase;
			buildActionMask = 2147483647;
			files = (
			);
			runOnlyForDeploymentPostprocessing = 0;
		};
/* End PBXResourcesBuildPhase section */

/* Begin PBXSourcesBuildPhase section */
		670989A61C1339D700BE6E34 /* Sources */ = {
			isa = PBXSourcesBuildPhase;
			buildActionMask = 2147483647;
			files = (
				F445EA771C1900620065AE8D /* PerfecT Data.xcdatamodeld in Sources */,
				F48877211C1FB29300156D20 /* Video+CoreDataProperties.swift in Sources */,
				F445EA931C1918E60065AE8D /* ShowExerciseVC.swift in Sources */,
				F445EA8B1C1918100065AE8D /* InjuryCell.swift in Sources */,
				670989AE1C1339D800BE6E34 /* AppDelegate.swift in Sources */,
				F445EA871C1903650065AE8D /* MyInjuryTableViewController.swift in Sources */,
				F48877251C1FE48A00156D20 /* PageViewVC.swift in Sources */,
				F445EA891C1917FA0065AE8D /* ExerciseCell.swift in Sources */,
				F445EA7F1C1902580065AE8D /* Video.swift in Sources */,
				F445EA8F1C19189D0065AE8D /* AddEditInjuryVC.swift in Sources */,
				F48877231C1FE46C00156D20 /* PageItemController.swift in Sources */,
				F445EA911C1918B30065AE8D /* AddEditExerciseVC.swift in Sources */,
				F445EA851C1902CC0065AE8D /* CoreDataStack.swift in Sources */,
				F445EA8D1C19187E0065AE8D /* ShowInjuryVC.swift in Sources */,
				F445EA811C1902580065AE8D /* Exercise.swift in Sources */,
				F445EA951C192E0A0065AE8D /* ExerciseListTVC.swift in Sources */,
				F445EA831C1902580065AE8D /* Injury.swift in Sources */,
				F445EA821C1902580065AE8D /* Injury+CoreDataProperties.swift in Sources */,
				F445EA801C1902580065AE8D /* Exercise+CoreDataProperties.swift in Sources */,
			);
			runOnlyForDeploymentPostprocessing = 0;
		};
		670989BA1C1339D800BE6E34 /* Sources */ = {
			isa = PBXSourcesBuildPhase;
			buildActionMask = 2147483647;
			files = (
				670989C31C1339D800BE6E34 /* HopefullyLastOneTests.swift in Sources */,
			);
			runOnlyForDeploymentPostprocessing = 0;
		};
		670989C51C1339D800BE6E34 /* Sources */ = {
			isa = PBXSourcesBuildPhase;
			buildActionMask = 2147483647;
			files = (
				670989CE1C1339D800BE6E34 /* HopefullyLastOneUITests.swift in Sources */,
			);
			runOnlyForDeploymentPostprocessing = 0;
		};
/* End PBXSourcesBuildPhase section */

/* Begin PBXTargetDependency section */
		670989C01C1339D800BE6E34 /* PBXTargetDependency */ = {
			isa = PBXTargetDependency;
			target = 670989A91C1339D700BE6E34 /* HopefullyLastOne */;
			targetProxy = 670989BF1C1339D800BE6E34 /* PBXContainerItemProxy */;
		};
		670989CB1C1339D800BE6E34 /* PBXTargetDependency */ = {
			isa = PBXTargetDependency;
			target = 670989A91C1339D700BE6E34 /* HopefullyLastOne */;
			targetProxy = 670989CA1C1339D800BE6E34 /* PBXContainerItemProxy */;
		};
/* End PBXTargetDependency section */

/* Begin PBXVariantGroup section */
		670989B11C1339D800BE6E34 /* Main.storyboard */ = {
			isa = PBXVariantGroup;
			children = (
				670989B21C1339D800BE6E34 /* Base */,
			);
			name = Main.storyboard;
			sourceTree = "<group>";
		};
		670989B61C1339D800BE6E34 /* LaunchScreen.storyboard */ = {
			isa = PBXVariantGroup;
			children = (
				670989B71C1339D800BE6E34 /* Base */,
			);
			name = LaunchScreen.storyboard;
			sourceTree = "<group>";
		};
/* End PBXVariantGroup section */

/* Begin XCBuildConfiguration section */
		670989D01C1339D800BE6E34 /* Debug */ = {
			isa = XCBuildConfiguration;
			buildSettings = {
				ALWAYS_SEARCH_USER_PATHS = NO;
				CLANG_CXX_LANGUAGE_STANDARD = "gnu++0x";
				CLANG_CXX_LIBRARY = "libc++";
				CLANG_ENABLE_MODULES = YES;
				CLANG_ENABLE_OBJC_ARC = YES;
				CLANG_WARN_BOOL_CONVERSION = YES;
				CLANG_WARN_CONSTANT_CONVERSION = YES;
				CLANG_WARN_DIRECT_OBJC_ISA_USAGE = YES_ERROR;
				CLANG_WARN_EMPTY_BODY = YES;
				CLANG_WARN_ENUM_CONVERSION = YES;
				CLANG_WARN_INT_CONVERSION = YES;
				CLANG_WARN_OBJC_ROOT_CLASS = YES_ERROR;
				CLANG_WARN_UNREACHABLE_CODE = YES;
				CLANG_WARN__DUPLICATE_METHOD_MATCH = YES;
				"CODE_SIGN_IDENTITY[sdk=iphoneos*]" = "iPhone Developer";
				COPY_PHASE_STRIP = NO;
				DEBUG_INFORMATION_FORMAT = dwarf;
				ENABLE_STRICT_OBJC_MSGSEND = YES;
				ENABLE_TESTABILITY = YES;
				GCC_C_LANGUAGE_STANDARD = gnu99;
				GCC_DYNAMIC_NO_PIC = NO;
				GCC_NO_COMMON_BLOCKS = YES;
				GCC_OPTIMIZATION_LEVEL = 0;
				GCC_PREPROCESSOR_DEFINITIONS = (
					"DEBUG=1",
					"$(inherited)",
				);
				GCC_WARN_64_TO_32_BIT_CONVERSION = YES;
				GCC_WARN_ABOUT_RETURN_TYPE = YES_ERROR;
				GCC_WARN_UNDECLARED_SELECTOR = YES;
				GCC_WARN_UNINITIALIZED_AUTOS = YES_AGGRESSIVE;
				GCC_WARN_UNUSED_FUNCTION = YES;
				GCC_WARN_UNUSED_VARIABLE = YES;
				IPHONEOS_DEPLOYMENT_TARGET = 9.0;
				MTL_ENABLE_DEBUG_INFO = YES;
				ONLY_ACTIVE_ARCH = YES;
				SDKROOT = iphoneos;
				SWIFT_OPTIMIZATION_LEVEL = "-Onone";
				TARGETED_DEVICE_FAMILY = "1,2";
			};
			name = Debug;
		};
		670989D11C1339D800BE6E34 /* Release */ = {
			isa = XCBuildConfiguration;
			buildSettings = {
				ALWAYS_SEARCH_USER_PATHS = NO;
				CLANG_CXX_LANGUAGE_STANDARD = "gnu++0x";
				CLANG_CXX_LIBRARY = "libc++";
				CLANG_ENABLE_MODULES = YES;
				CLANG_ENABLE_OBJC_ARC = YES;
				CLANG_WARN_BOOL_CONVERSION = YES;
				CLANG_WARN_CONSTANT_CONVERSION = YES;
				CLANG_WARN_DIRECT_OBJC_ISA_USAGE = YES_ERROR;
				CLANG_WARN_EMPTY_BODY = YES;
				CLANG_WARN_ENUM_CONVERSION = YES;
				CLANG_WARN_INT_CONVERSION = YES;
				CLANG_WARN_OBJC_ROOT_CLASS = YES_ERROR;
				CLANG_WARN_UNREACHABLE_CODE = YES;
				CLANG_WARN__DUPLICATE_METHOD_MATCH = YES;
				"CODE_SIGN_IDENTITY[sdk=iphoneos*]" = "iPhone Developer";
				COPY_PHASE_STRIP = NO;
				DEBUG_INFORMATION_FORMAT = "dwarf-with-dsym";
				ENABLE_NS_ASSERTIONS = NO;
				ENABLE_STRICT_OBJC_MSGSEND = YES;
				GCC_C_LANGUAGE_STANDARD = gnu99;
				GCC_NO_COMMON_BLOCKS = YES;
				GCC_WARN_64_TO_32_BIT_CONVERSION = YES;
				GCC_WARN_ABOUT_RETURN_TYPE = YES_ERROR;
				GCC_WARN_UNDECLARED_SELECTOR = YES;
				GCC_WARN_UNINITIALIZED_AUTOS = YES_AGGRESSIVE;
				GCC_WARN_UNUSED_FUNCTION = YES;
				GCC_WARN_UNUSED_VARIABLE = YES;
				IPHONEOS_DEPLOYMENT_TARGET = 9.0;
				MTL_ENABLE_DEBUG_INFO = NO;
				SDKROOT = iphoneos;
				TARGETED_DEVICE_FAMILY = "1,2";
				VALIDATE_PRODUCT = YES;
			};
			name = Release;
		};
		670989D31C1339D800BE6E34 /* Debug */ = {
			isa = XCBuildConfiguration;
			buildSettings = {
				ASSETCATALOG_COMPILER_APPICON_NAME = AppIcon;
				CODE_SIGN_IDENTITY = "iPhone Developer";
				"CODE_SIGN_IDENTITY[sdk=iphoneos*]" = "iPhone Developer";
				INFOPLIST_FILE = HopefullyLastOne/Info.plist;
				LD_RUNPATH_SEARCH_PATHS = "$(inherited) @executable_path/Frameworks";
				PRODUCT_BUNDLE_IDENTIFIER = edu.missouri.cs.HopefullyLastOne;
				PRODUCT_NAME = "$(TARGET_NAME)";
				PROVISIONING_PROFILE = "";
			};
			name = Debug;
		};
		670989D41C1339D800BE6E34 /* Release */ = {
			isa = XCBuildConfiguration;
			buildSettings = {
				ASSETCATALOG_COMPILER_APPICON_NAME = AppIcon;
				CODE_SIGN_IDENTITY = "iPhone Developer";
				"CODE_SIGN_IDENTITY[sdk=iphoneos*]" = "iPhone Developer";
				INFOPLIST_FILE = HopefullyLastOne/Info.plist;
				LD_RUNPATH_SEARCH_PATHS = "$(inherited) @executable_path/Frameworks";
				PRODUCT_BUNDLE_IDENTIFIER = edu.missouri.cs.HopefullyLastOne;
				PRODUCT_NAME = "$(TARGET_NAME)";
				PROVISIONING_PROFILE = "";
			};
			name = Release;
		};
		670989D61C1339D800BE6E34 /* Debug */ = {
			isa = XCBuildConfiguration;
			buildSettings = {
				BUNDLE_LOADER = "$(TEST_HOST)";
				INFOPLIST_FILE = HopefullyLastOneTests/Info.plist;
				LD_RUNPATH_SEARCH_PATHS = "$(inherited) @executable_path/Frameworks @loader_path/Frameworks";
				PRODUCT_BUNDLE_IDENTIFIER = edu.missouri.cs.HopefullyLastOneTests;
				PRODUCT_NAME = "$(TARGET_NAME)";
				TEST_HOST = "$(BUILT_PRODUCTS_DIR)/HopefullyLastOne.app/HopefullyLastOne";
			};
			name = Debug;
		};
		670989D71C1339D800BE6E34 /* Release */ = {
			isa = XCBuildConfiguration;
			buildSettings = {
				BUNDLE_LOADER = "$(TEST_HOST)";
				INFOPLIST_FILE = HopefullyLastOneTests/Info.plist;
				LD_RUNPATH_SEARCH_PATHS = "$(inherited) @executable_path/Frameworks @loader_path/Frameworks";
				PRODUCT_BUNDLE_IDENTIFIER = edu.missouri.cs.HopefullyLastOneTests;
				PRODUCT_NAME = "$(TARGET_NAME)";
				TEST_HOST = "$(BUILT_PRODUCTS_DIR)/HopefullyLastOne.app/HopefullyLastOne";
			};
			name = Release;
		};
		670989D91C1339D800BE6E34 /* Debug */ = {
			isa = XCBuildConfiguration;
			buildSettings = {
				INFOPLIST_FILE = HopefullyLastOneUITests/Info.plist;
				LD_RUNPATH_SEARCH_PATHS = "$(inherited) @executable_path/Frameworks @loader_path/Frameworks";
				PRODUCT_BUNDLE_IDENTIFIER = edu.missouri.cs.HopefullyLastOneUITests;
				PRODUCT_NAME = "$(TARGET_NAME)";
				TEST_TARGET_NAME = HopefullyLastOne;
				USES_XCTRUNNER = YES;
			};
			name = Debug;
		};
		670989DA1C1339D800BE6E34 /* Release */ = {
			isa = XCBuildConfiguration;
			buildSettings = {
				INFOPLIST_FILE = HopefullyLastOneUITests/Info.plist;
				LD_RUNPATH_SEARCH_PATHS = "$(inherited) @executable_path/Frameworks @loader_path/Frameworks";
				PRODUCT_BUNDLE_IDENTIFIER = edu.missouri.cs.HopefullyLastOneUITests;
				PRODUCT_NAME = "$(TARGET_NAME)";
				TEST_TARGET_NAME = HopefullyLastOne;
				USES_XCTRUNNER = YES;
			};
			name = Release;
		};
/* End XCBuildConfiguration section */

/* Begin XCConfigurationList section */
		670989A51C1339D700BE6E34 /* Build configuration list for PBXProject "HopefullyLastOne" */ = {
			isa = XCConfigurationList;
			buildConfigurations = (
				670989D01C1339D800BE6E34 /* Debug */,
				670989D11C1339D800BE6E34 /* Release */,
			);
			defaultConfigurationIsVisible = 0;
			defaultConfigurationName = Release;
		};
		670989D21C1339D800BE6E34 /* Build configuration list for PBXNativeTarget "HopefullyLastOne" */ = {
			isa = XCConfigurationList;
			buildConfigurations = (
				670989D31C1339D800BE6E34 /* Debug */,
				670989D41C1339D800BE6E34 /* Release */,
			);
			defaultConfigurationIsVisible = 0;
			defaultConfigurationName = Release;
		};
		670989D51C1339D800BE6E34 /* Build configuration list for PBXNativeTarget "HopefullyLastOneTests" */ = {
			isa = XCConfigurationList;
			buildConfigurations = (
				670989D61C1339D800BE6E34 /* Debug */,
				670989D71C1339D800BE6E34 /* Release */,
			);
			defaultConfigurationIsVisible = 0;
			defaultConfigurationName = Release;
		};
		670989D81C1339D800BE6E34 /* Build configuration list for PBXNativeTarget "HopefullyLastOneUITests" */ = {
			isa = XCConfigurationList;
			buildConfigurations = (
				670989D91C1339D800BE6E34 /* Debug */,
				670989DA1C1339D800BE6E34 /* Release */,
			);
			defaultConfigurationIsVisible = 0;
			defaultConfigurationName = Release;
		};
/* End XCConfigurationList section */

/* Begin XCVersionGroup section */
		F445EA751C1900620065AE8D /* PerfecT Data.xcdatamodeld */ = {
			isa = XCVersionGroup;
			children = (
				F445EA761C1900620065AE8D /* PerfecT Data.xcdatamodel */,
			);
			currentVersion = F445EA761C1900620065AE8D /* PerfecT Data.xcdatamodel */;
			path = "PerfecT Data.xcdatamodeld";
			sourceTree = "<group>";
			versionGroupType = wrapper.xcdatamodel;
		};
/* End XCVersionGroup section */
	};
	rootObject = 670989A21C1339D700BE6E34 /* Project object */;
}
